// !$*UTF8*$!
{
	archiveVersion = 1;
	classes = {
	};
	objectVersion = 46;
	objects = {

/* Begin PBXBuildFile section */
		7CCBEA4F1DFD73080074EA9F /* AppDelegate.swift in Sources */ = {isa = PBXBuildFile; fileRef = 7CCBEA4E1DFD73080074EA9F /* AppDelegate.swift */; };
		7CCBEA511DFD73080074EA9F /* ViewController.swift in Sources */ = {isa = PBXBuildFile; fileRef = 7CCBEA501DFD73080074EA9F /* ViewController.swift */; };
		7CCBEA541DFD73080074EA9F /* Main.storyboard in Resources */ = {isa = PBXBuildFile; fileRef = 7CCBEA521DFD73080074EA9F /* Main.storyboard */; };
		7CCBEA561DFD73080074EA9F /* Assets.xcassets in Resources */ = {isa = PBXBuildFile; fileRef = 7CCBEA551DFD73080074EA9F /* Assets.xcassets */; };
		7CCBEA591DFD73080074EA9F /* LaunchScreen.storyboard in Resources */ = {isa = PBXBuildFile; fileRef = 7CCBEA571DFD73080074EA9F /* LaunchScreen.storyboard */; };
		7CCBEA641DFD73080074EA9F /* HelloWorldTests.swift in Sources */ = {isa = PBXBuildFile; fileRef = 7CCBEA631DFD73080074EA9F /* HelloWorldTests.swift */; };
		7CCBEA6F1DFD73080074EA9F /* HelloWorldUITests.swift in Sources */ = {isa = PBXBuildFile; fileRef = 7CCBEA6E1DFD73080074EA9F /* HelloWorldUITests.swift */; };
/* End PBXBuildFile section */

/* Begin PBXContainerItemProxy section */
		7CCBEA601DFD73080074EA9F /* PBXContainerItemProxy */ = {
			isa = PBXContainerItemProxy;
			containerPortal = 7CCBEA431DFD73080074EA9F /* Project object */;
			proxyType = 1;
			remoteGlobalIDString = 7CCBEA4A1DFD73080074EA9F;
			remoteInfo = HelloWorld;
		};
		7CCBEA6B1DFD73080074EA9F /* PBXContainerItemProxy */ = {
			isa = PBXContainerItemProxy;
			containerPortal = 7CCBEA431DFD73080074EA9F /* Project object */;
			proxyType = 1;
			remoteGlobalIDString = 7CCBEA4A1DFD73080074EA9F;
			remoteInfo = HelloWorld;
		};
/* End PBXContainerItemProxy section */

/* Begin PBXFileReference section */
		7CCBEA4B1DFD73080074EA9F /* HelloWorld.app */ = {isa = PBXFileReference; explicitFileType = wrapper.application; includeInIndex = 0; path = HelloWorld.app; sourceTree = BUILT_PRODUCTS_DIR; };
		7CCBEA4E1DFD73080074EA9F /* AppDelegate.swift */ = {isa = PBXFileReference; lastKnownFileType = sourcecode.swift; path = AppDelegate.swift; sourceTree = "<group>"; };
		7CCBEA501DFD73080074EA9F /* ViewController.swift */ = {isa = PBXFileReference; lastKnownFileType = sourcecode.swift; path = ViewController.swift; sourceTree = "<group>"; };
		7CCBEA531DFD73080074EA9F /* Base */ = {isa = PBXFileReference; lastKnownFileType = file.storyboard; name = Base; path = Base.lproj/Main.storyboard; sourceTree = "<group>"; };
		7CCBEA551DFD73080074EA9F /* Assets.xcassets */ = {isa = PBXFileReference; lastKnownFileType = folder.assetcatalog; path = Assets.xcassets; sourceTree = "<group>"; };
		7CCBEA581DFD73080074EA9F /* Base */ = {isa = PBXFileReference; lastKnownFileType = file.storyboard; name = Base; path = Base.lproj/LaunchScreen.storyboard; sourceTree = "<group>"; };
		7CCBEA5A1DFD73080074EA9F /* Info.plist */ = {isa = PBXFileReference; lastKnownFileType = text.plist.xml; path = Info.plist; sourceTree = "<group>"; };
		7CCBEA5F1DFD73080074EA9F /* HelloWorldTests.xctest */ = {isa = PBXFileReference; explicitFileType = wrapper.cfbundle; includeInIndex = 0; path = HelloWorldTests.xctest; sourceTree = BUILT_PRODUCTS_DIR; };
		7CCBEA631DFD73080074EA9F /* HelloWorldTests.swift */ = {isa = PBXFileReference; lastKnownFileType = sourcecode.swift; path = HelloWorldTests.swift; sourceTree = "<group>"; };
		7CCBEA651DFD73080074EA9F /* Info.plist */ = {isa = PBXFileReference; lastKnownFileType = text.plist.xml; path = Info.plist; sourceTree = "<group>"; };
		7CCBEA6A1DFD73080074EA9F /* HelloWorldUITests.xctest */ = {isa = PBXFileReference; explicitFileType = wrapper.cfbundle; includeInIndex = 0; path = HelloWorldUITests.xctest; sourceTree = BUILT_PRODUCTS_DIR; };
		7CCBEA6E1DFD73080074EA9F /* HelloWorldUITests.swift */ = {isa = PBXFileReference; lastKnownFileType = sourcecode.swift; path = HelloWorldUITests.swift; sourceTree = "<group>"; };
		7CCBEA701DFD73080074EA9F /* Info.plist */ = {isa = PBXFileReference; lastKnownFileType = text.plist.xml; path = Info.plist; sourceTree = "<group>"; };
/* End PBXFileReference section */

/* Begin PBXFrameworksBuildPhase section */
		7CCBEA481DFD73080074EA9F /* Frameworks */ = {
			isa = PBXFrameworksBuildPhase;
			buildActionMask = 2147483647;
			files = (
			);
			runOnlyForDeploymentPostprocessing = 0;
		};
		7CCBEA5C1DFD73080074EA9F /* Frameworks */ = {
			isa = PBXFrameworksBuildPhase;
			buildActionMask = 2147483647;
			files = (
			);
			runOnlyForDeploymentPostprocessing = 0;
		};
		7CCBEA671DFD73080074EA9F /* Frameworks */ = {
			isa = PBXFrameworksBuildPhase;
			buildActionMask = 2147483647;
			files = (
			);
			runOnlyForDeploymentPostprocessing = 0;
		};
/* End PBXFrameworksBuildPhase section */

/* Begin PBXGroup section */
		7CCBEA421DFD73070074EA9F = {
			isa = PBXGroup;
			children = (
				7CCBEA4D1DFD73080074EA9F /* HelloWorld */,
				7CCBEA621DFD73080074EA9F /* HelloWorldTests */,
				7CCBEA6D1DFD73080074EA9F /* HelloWorldUITests */,
				7CCBEA4C1DFD73080074EA9F /* Products */,
			);
			sourceTree = "<group>";
		};
		7CCBEA4C1DFD73080074EA9F /* Products */ = {
			isa = PBXGroup;
			children = (
				7CCBEA4B1DFD73080074EA9F /* HelloWorld.app */,
				7CCBEA5F1DFD73080074EA9F /* HelloWorldTests.xctest */,
				7CCBEA6A1DFD73080074EA9F /* HelloWorldUITests.xctest */,
			);
			name = Products;
			sourceTree = "<group>";
		};
		7CCBEA4D1DFD73080074EA9F /* HelloWorld */ = {
			isa = PBXGroup;
			children = (
				7CCBEA4E1DFD73080074EA9F /* AppDelegate.swift */,
				7CCBEA501DFD73080074EA9F /* ViewController.swift */,
				7CCBEA521DFD73080074EA9F /* Main.storyboard */,
				7CCBEA551DFD73080074EA9F /* Assets.xcassets */,
				7CCBEA571DFD73080074EA9F /* LaunchScreen.storyboard */,
				7CCBEA5A1DFD73080074EA9F /* Info.plist */,
			);
			path = HelloWorld;
			sourceTree = "<group>";
		};
		7CCBEA621DFD73080074EA9F /* HelloWorldTests */ = {
			isa = PBXGroup;
			children = (
				7CCBEA631DFD73080074EA9F /* HelloWorldTests.swift */,
				7CCBEA651DFD73080074EA9F /* Info.plist */,
			);
			path = HelloWorldTests;
			sourceTree = "<group>";
		};
		7CCBEA6D1DFD73080074EA9F /* HelloWorldUITests */ = {
			isa = PBXGroup;
			children = (
				7CCBEA6E1DFD73080074EA9F /* HelloWorldUITests.swift */,
				7CCBEA701DFD73080074EA9F /* Info.plist */,
			);
			path = HelloWorldUITests;
			sourceTree = "<group>";
		};
/* End PBXGroup section */

/* Begin PBXNativeTarget section */
		7CCBEA4A1DFD73080074EA9F /* HelloWorld */ = {
			isa = PBXNativeTarget;
			buildConfigurationList = 7CCBEA731DFD73080074EA9F /* Build configuration list for PBXNativeTarget "HelloWorld" */;
			buildPhases = (
				7CCBEA471DFD73080074EA9F /* Sources */,
				7CCBEA481DFD73080074EA9F /* Frameworks */,
				7CCBEA491DFD73080074EA9F /* Resources */,
			);
			buildRules = (
			);
			dependencies = (
			);
			name = HelloWorld;
			productName = HelloWorld;
			productReference = 7CCBEA4B1DFD73080074EA9F /* HelloWorld.app */;
			productType = "com.apple.product-type.application";
		};
		7CCBEA5E1DFD73080074EA9F /* HelloWorldTests */ = {
			isa = PBXNativeTarget;
			buildConfigurationList = 7CCBEA761DFD73080074EA9F /* Build configuration list for PBXNativeTarget "HelloWorldTests" */;
			buildPhases = (
				7CCBEA5B1DFD73080074EA9F /* Sources */,
				7CCBEA5C1DFD73080074EA9F /* Frameworks */,
				7CCBEA5D1DFD73080074EA9F /* Resources */,
			);
			buildRules = (
			);
			dependencies = (
				7CCBEA611DFD73080074EA9F /* PBXTargetDependency */,
			);
			name = HelloWorldTests;
			productName = HelloWorldTests;
			productReference = 7CCBEA5F1DFD73080074EA9F /* HelloWorldTests.xctest */;
			productType = "com.apple.product-type.bundle.unit-test";
		};
		7CCBEA691DFD73080074EA9F /* HelloWorldUITests */ = {
			isa = PBXNativeTarget;
			buildConfigurationList = 7CCBEA791DFD73080074EA9F /* Build configuration list for PBXNativeTarget "HelloWorldUITests" */;
			buildPhases = (
				7CCBEA661DFD73080074EA9F /* Sources */,
				7CCBEA671DFD73080074EA9F /* Frameworks */,
				7CCBEA681DFD73080074EA9F /* Resources */,
			);
			buildRules = (
			);
			dependencies = (
				7CCBEA6C1DFD73080074EA9F /* PBXTargetDependency */,
			);
			name = HelloWorldUITests;
			productName = HelloWorldUITests;
			productReference = 7CCBEA6A1DFD73080074EA9F /* HelloWorldUITests.xctest */;
			productType = "com.apple.product-type.bundle.ui-testing";
		};
/* End PBXNativeTarget section */

/* Begin PBXProject section */
		7CCBEA431DFD73080074EA9F /* Project object */ = {
			isa = PBXProject;
			attributes = {
				LastSwiftUpdateCheck = 0810;
				LastUpgradeCheck = 0810;
				ORGANIZATIONNAME = ayano.kaji;
				TargetAttributes = {
					7CCBEA4A1DFD73080074EA9F = {
						CreatedOnToolsVersion = 8.1;
						ProvisioningStyle = Automatic;
					};
					7CCBEA5E1DFD73080074EA9F = {
						CreatedOnToolsVersion = 8.1;
						ProvisioningStyle = Automatic;
						TestTargetID = 7CCBEA4A1DFD73080074EA9F;
					};
					7CCBEA691DFD73080074EA9F = {
						CreatedOnToolsVersion = 8.1;
						ProvisioningStyle = Automatic;
						TestTargetID = 7CCBEA4A1DFD73080074EA9F;
					};
				};
			};
			buildConfigurationList = 7CCBEA461DFD73080074EA9F /* Build configuration list for PBXProject "HelloWorld" */;
			compatibilityVersion = "Xcode 3.2";
			developmentRegion = English;
			hasScannedForEncodings = 0;
			knownRegions = (
				en,
				Base,
			);
			mainGroup = 7CCBEA421DFD73070074EA9F;
			productRefGroup = 7CCBEA4C1DFD73080074EA9F /* Products */;
			projectDirPath = "";
			projectRoot = "";
			targets = (
				7CCBEA4A1DFD73080074EA9F /* HelloWorld */,
				7CCBEA5E1DFD73080074EA9F /* HelloWorldTests */,
				7CCBEA691DFD73080074EA9F /* HelloWorldUITests */,
			);
		};
/* End PBXProject section */

/* Begin PBXResourcesBuildPhase section */
		7CCBEA491DFD73080074EA9F /* Resources */ = {
			isa = PBXResourcesBuildPhase;
			buildActionMask = 2147483647;
			files = (
				7CCBEA591DFD73080074EA9F /* LaunchScreen.storyboard in Resources */,
				7CCBEA561DFD73080074EA9F /* Assets.xcassets in Resources */,
				7CCBEA541DFD73080074EA9F /* Main.storyboard in Resources */,
			);
			runOnlyForDeploymentPostprocessing = 0;
		};
		7CCBEA5D1DFD73080074EA9F /* Resources */ = {
			isa = PBXResourcesBuildPhase;
			buildActionMask = 2147483647;
			files = (
			);
			runOnlyForDeploymentPostprocessing = 0;
		};
		7CCBEA681DFD73080074EA9F /* Resources */ = {
			isa = PBXResourcesBuildPhase;
			buildActionMask = 2147483647;
			files = (
			);
			runOnlyForDeploymentPostprocessing = 0;
		};
/* End PBXResourcesBuildPhase section */

/* Begin PBXSourcesBuildPhase section */
		7CCBEA471DFD73080074EA9F /* Sources */ = {
			isa = PBXSourcesBuildPhase;
			buildActionMask = 2147483647;
			files = (
				7CCBEA511DFD73080074EA9F /* ViewController.swift in Sources */,
				7CCBEA4F1DFD73080074EA9F /* AppDelegate.swift in Sources */,
			);
			runOnlyForDeploymentPostprocessing = 0;
		};
		7CCBEA5B1DFD73080074EA9F /* Sources */ = {
			isa = PBXSourcesBuildPhase;
			buildActionMask = 2147483647;
			files = (
				7CCBEA641DFD73080074EA9F /* HelloWorldTests.swift in Sources */,
			);
			runOnlyForDeploymentPostprocessing = 0;
		};
		7CCBEA661DFD73080074EA9F /* Sources */ = {
			isa = PBXSourcesBuildPhase;
			buildActionMask = 2147483647;
			files = (
				7CCBEA6F1DFD73080074EA9F /* HelloWorldUITests.swift in Sources */,
			);
			runOnlyForDeploymentPostprocessing = 0;
		};
/* End PBXSourcesBuildPhase section */

/* Begin PBXTargetDependency section */
		7CCBEA611DFD73080074EA9F /* PBXTargetDependency */ = {
			isa = PBXTargetDependency;
			target = 7CCBEA4A1DFD73080074EA9F /* HelloWorld */;
			targetProxy = 7CCBEA601DFD73080074EA9F /* PBXContainerItemProxy */;
		};
		7CCBEA6C1DFD73080074EA9F /* PBXTargetDependency */ = {
			isa = PBXTargetDependency;
			target = 7CCBEA4A1DFD73080074EA9F /* HelloWorld */;
			targetProxy = 7CCBEA6B1DFD73080074EA9F /* PBXContainerItemProxy */;
		};
/* End PBXTargetDependency section */

/* Begin PBXVariantGroup section */
		7CCBEA521DFD73080074EA9F /* Main.storyboard */ = {
			isa = PBXVariantGroup;
			children = (
				7CCBEA531DFD73080074EA9F /* Base */,
			);
			name = Main.storyboard;
			sourceTree = "<group>";
		};
		7CCBEA571DFD73080074EA9F /* LaunchScreen.storyboard */ = {
			isa = PBXVariantGroup;
			children = (
				7CCBEA581DFD73080074EA9F /* Base */,
			);
			name = LaunchScreen.storyboard;
			sourceTree = "<group>";
		};
/* End PBXVariantGroup section */

/* Begin XCBuildConfiguration section */
		7CCBEA711DFD73080074EA9F /* Debug */ = {
			isa = XCBuildConfiguration;
			buildSettings = {
				ALWAYS_SEARCH_USER_PATHS = NO;
				CLANG_ANALYZER_NONNULL = YES;
				CLANG_CXX_LANGUAGE_STANDARD = "gnu++0x";
				CLANG_CXX_LIBRARY = "libc++";
				CLANG_ENABLE_MODULES = YES;
				CLANG_ENABLE_OBJC_ARC = YES;
				CLANG_WARN_BOOL_CONVERSION = YES;
				CLANG_WARN_CONSTANT_CONVERSION = YES;
				CLANG_WARN_DIRECT_OBJC_ISA_USAGE = YES_ERROR;
				CLANG_WARN_DOCUMENTATION_COMMENTS = YES;
				CLANG_WARN_EMPTY_BODY = YES;
				CLANG_WARN_ENUM_CONVERSION = YES;
				CLANG_WARN_INFINITE_RECURSION = YES;
				CLANG_WARN_INT_CONVERSION = YES;
				CLANG_WARN_OBJC_ROOT_CLASS = YES_ERROR;
				CLANG_WARN_SUSPICIOUS_MOVES = YES;
				CLANG_WARN_UNREACHABLE_CODE = YES;
				CLANG_WARN__DUPLICATE_METHOD_MATCH = YES;
				"CODE_SIGN_IDENTITY[sdk=iphoneos*]" = "iPhone Developer";
				COPY_PHASE_STRIP = NO;
				DEBUG_INFORMATION_FORMAT = dwarf;
				ENABLE_STRICT_OBJC_MSGSEND = YES;
				ENABLE_TESTABILITY = YES;
				GCC_C_LANGUAGE_STANDARD = gnu99;
				GCC_DYNAMIC_NO_PIC = NO;
				GCC_NO_COMMON_BLOCKS = YES;
				GCC_OPTIMIZATION_LEVEL = 0;
				GCC_PREPROCESSOR_DEFINITIONS = (
					"DEBUG=1",
					"$(inherited)",
				);
				GCC_WARN_64_TO_32_BIT_CONVERSION = YES;
				GCC_WARN_ABOUT_RETURN_TYPE = YES_ERROR;
				GCC_WARN_UNDECLARED_SELECTOR = YES;
				GCC_WARN_UNINITIALIZED_AUTOS = YES_AGGRESSIVE;
				GCC_WARN_UNUSED_FUNCTION = YES;
				GCC_WARN_UNUSED_VARIABLE = YES;
				IPHONEOS_DEPLOYMENT_TARGET = 10.1;
				MTL_ENABLE_DEBUG_INFO = YES;
				ONLY_ACTIVE_ARCH = YES;
				SDKROOT = iphoneos;
				SWIFT_ACTIVE_COMPILATION_CONDITIONS = DEBUG;
				SWIFT_OPTIMIZATION_LEVEL = "-Onone";
			};
			name = Debug;
		};
		7CCBEA721DFD73080074EA9F /* Release */ = {
			isa = XCBuildConfiguration;
			buildSettings = {
				ALWAYS_SEARCH_USER_PATHS = NO;
				CLANG_ANALYZER_NONNULL = YES;
				CLANG_CXX_LANGUAGE_STANDARD = "gnu++0x";
				CLANG_CXX_LIBRARY = "libc++";
				CLANG_ENABLE_MODULES = YES;
				CLANG_ENABLE_OBJC_ARC = YES;
				CLANG_WARN_BOOL_CONVERSION = YES;
				CLANG_WARN_CONSTANT_CONVERSION = YES;
				CLANG_WARN_DIRECT_OBJC_ISA_USAGE = YES_ERROR;
				CLANG_WARN_DOCUMENTATION_COMMENTS = YES;
				CLANG_WARN_EMPTY_BODY = YES;
				CLANG_WARN_ENUM_CONVERSION = YES;
				CLANG_WARN_INFINITE_RECURSION = YES;
				CLANG_WARN_INT_CONVERSION = YES;
				CLANG_WARN_OBJC_ROOT_CLASS = YES_ERROR;
				CLANG_WARN_SUSPICIOUS_MOVES = YES;
				CLANG_WARN_UNREACHABLE_CODE = YES;
				CLANG_WARN__DUPLICATE_METHOD_MATCH = YES;
				"CODE_SIGN_IDENTITY[sdk=iphoneos*]" = "iPhone Developer";
				COPY_PHASE_STRIP = NO;
				DEBUG_INFORMATION_FORMAT = "dwarf-with-dsym";
				ENABLE_NS_ASSERTIONS = NO;
				ENABLE_STRICT_OBJC_MSGSEND = YES;
				GCC_C_LANGUAGE_STANDARD = gnu99;
				GCC_NO_COMMON_BLOCKS = YES;
				GCC_WARN_64_TO_32_BIT_CONVERSION = YES;
				GCC_WARN_ABOUT_RETURN_TYPE = YES_ERROR;
				GCC_WARN_UNDECLARED_SELECTOR = YES;
				GCC_WARN_UNINITIALIZED_AUTOS = YES_AGGRESSIVE;
				GCC_WARN_UNUSED_FUNCTION = YES;
				GCC_WARN_UNUSED_VARIABLE = YES;
				IPHONEOS_DEPLOYMENT_TARGET = 10.1;
				MTL_ENABLE_DEBUG_INFO = NO;
				SDKROOT = iphoneos;
				SWIFT_OPTIMIZATION_LEVEL = "-Owholemodule";
				VALIDATE_PRODUCT = YES;
			};
			name = Release;
		};
		7CCBEA741DFD73080074EA9F /* Debug */ = {
			isa = XCBuildConfiguration;
			buildSettings = {
				ASSETCATALOG_COMPILER_APPICON_NAME = AppIcon;
				INFOPLIST_FILE = HelloWorld/Info.plist;
				LD_RUNPATH_SEARCH_PATHS = "$(inherited) @executable_path/Frameworks";
				PRODUCT_BUNDLE_IDENTIFIER = jp.techacademy.ayano.kaji.HelloWorld;
				PRODUCT_NAME = "$(TARGET_NAME)";
				SWIFT_VERSION = 3.0;
			};
			name = Debug;
		};
		7CCBEA751DFD73080074EA9F /* Release */ = {
			isa = XCBuildConfiguration;
			buildSettings = {
				ASSETCATALOG_COMPILER_APPICON_NAME = AppIcon;
				INFOPLIST_FILE = HelloWorld/Info.plist;
				LD_RUNPATH_SEARCH_PATHS = "$(inherited) @executable_path/Frameworks";
				PRODUCT_BUNDLE_IDENTIFIER = jp.techacademy.ayano.kaji.HelloWorld;
				PRODUCT_NAME = "$(TARGET_NAME)";
				SWIFT_VERSION = 3.0;
			};
			name = Release;
		};
		7CCBEA771DFD73080074EA9F /* Debug */ = {
			isa = XCBuildConfiguration;
			buildSettings = {
				ALWAYS_EMBED_SWIFT_STANDARD_LIBRARIES = YES;
				BUNDLE_LOADER = "$(TEST_HOST)";
				INFOPLIST_FILE = HelloWorldTests/Info.plist;
				LD_RUNPATH_SEARCH_PATHS = "$(inherited) @executable_path/Frameworks @loader_path/Frameworks";
				PRODUCT_BUNDLE_IDENTIFIER = jp.techacademy.ayano.kaji.HelloWorldTests;
				PRODUCT_NAME = "$(TARGET_NAME)";
				SWIFT_VERSION = 3.0;
				TEST_HOST = "$(BUILT_PRODUCTS_DIR)/HelloWorld.app/HelloWorld";
			};
			name = Debug;
		};
		7CCBEA781DFD73080074EA9F /* Release */ = {
			isa = XCBuildConfiguration;
			buildSettings = {
				ALWAYS_EMBED_SWIFT_STANDARD_LIBRARIES = YES;
				BUNDLE_LOADER = "$(TEST_HOST)";
				INFOPLIST_FILE = HelloWorldTests/Info.plist;
				LD_RUNPATH_SEARCH_PATHS = "$(inherited) @executable_path/Frameworks @loader_path/Frameworks";
				PRODUCT_BUNDLE_IDENTIFIER = jp.techacademy.ayano.kaji.HelloWorldTests;
				PRODUCT_NAME = "$(TARGET_NAME)";
				SWIFT_VERSION = 3.0;
				TEST_HOST = "$(BUILT_PRODUCTS_DIR)/HelloWorld.app/HelloWorld";
			};
			name = Release;
		};
		7CCBEA7A1DFD73080074EA9F /* Debug */ = {
			isa = XCBuildConfiguration;
			buildSettings = {
				ALWAYS_EMBED_SWIFT_STANDARD_LIBRARIES = YES;
				INFOPLIST_FILE = HelloWorldUITests/Info.plist;
				LD_RUNPATH_SEARCH_PATHS = "$(inherited) @executable_path/Frameworks @loader_path/Frameworks";
				PRODUCT_BUNDLE_IDENTIFIER = jp.techacademy.ayano.kaji.HelloWorldUITests;
				PRODUCT_NAME = "$(TARGET_NAME)";
				SWIFT_VERSION = 3.0;
				TEST_TARGET_NAME = HelloWorld;
			};
			name = Debug;
		};
		7CCBEA7B1DFD73080074EA9F /* Release */ = {
			isa = XCBuildConfiguration;
			buildSettings = {
				ALWAYS_EMBED_SWIFT_STANDARD_LIBRARIES = YES;
				INFOPLIST_FILE = HelloWorldUITests/Info.plist;
				LD_RUNPATH_SEARCH_PATHS = "$(inherited) @executable_path/Frameworks @loader_path/Frameworks";
				PRODUCT_BUNDLE_IDENTIFIER = jp.techacademy.ayano.kaji.HelloWorldUITests;
				PRODUCT_NAME = "$(TARGET_NAME)";
				SWIFT_VERSION = 3.0;
				TEST_TARGET_NAME = HelloWorld;
			};
			name = Release;
		};
/* End XCBuildConfiguration section */

/* Begin XCConfigurationList section */
		7CCBEA461DFD73080074EA9F /* Build configuration list for PBXProject "HelloWorld" */ = {
			isa = XCConfigurationList;
			buildConfigurations = (
				7CCBEA711DFD73080074EA9F /* Debug */,
				7CCBEA721DFD73080074EA9F /* Release */,
			);
			defaultConfigurationIsVisible = 0;
			defaultConfigurationName = Release;
		};
		7CCBEA731DFD73080074EA9F /* Build configuration list for PBXNativeTarget "HelloWorld" */ = {
			isa = XCConfigurationList;
			buildConfigurations = (
				7CCBEA741DFD73080074EA9F /* Debug */,
				7CCBEA751DFD73080074EA9F /* Release */,
			);
			defaultConfigurationIsVisible = 0;
		};
		7CCBEA761DFD73080074EA9F /* Build configuration list for PBXNativeTarget "HelloWorldTests" */ = {
			isa = XCConfigurationList;
			buildConfigurations = (
				7CCBEA771DFD73080074EA9F /* Debug */,
				7CCBEA781DFD73080074EA9F /* Release */,
			);
			defaultConfigurationIsVisible = 0;
		};
		7CCBEA791DFD73080074EA9F /* Build configuration list for PBXNativeTarget "HelloWorldUITests" */ = {
			isa = XCConfigurationList;
			buildConfigurations = (
				7CCBEA7A1DFD73080074EA9F /* Debug */,
				7CCBEA7B1DFD73080074EA9F /* Release */,
			);
			defaultConfigurationIsVisible = 0;
		};
/* End XCConfigurationList section */
	};
	rootObject = 7CCBEA431DFD73080074EA9F /* Project object */;
}
